// !$*UTF8*$!
{
	archiveVersion = 1;
	classes = {
	};
	objectVersion = 50;
	objects = {

/* Begin PBXBuildFile section */
		E56E7E3F2648C7A900A7B502 /* AppDelegate.m in Sources */ = {isa = PBXBuildFile; fileRef = E56E7E3E2648C7A900A7B502 /* AppDelegate.m */; };
		E56E7E482648C7A900A7B502 /* Main.storyboard in Resources */ = {isa = PBXBuildFile; fileRef = E56E7E462648C7A900A7B502 /* Main.storyboard */; };
		E56E7E4A2648C7AB00A7B502 /* Assets.xcassets in Resources */ = {isa = PBXBuildFile; fileRef = E56E7E492648C7AB00A7B502 /* Assets.xcassets */; };
		E56E7E4D2648C7AB00A7B502 /* LaunchScreen.storyboard in Resources */ = {isa = PBXBuildFile; fileRef = E56E7E4B2648C7AB00A7B502 /* LaunchScreen.storyboard */; };
		E56E7E502648C7AB00A7B502 /* main.m in Sources */ = {isa = PBXBuildFile; fileRef = E56E7E4F2648C7AB00A7B502 /* main.m */; };
		E56E7E582648C7EA00A7B502 /* ViewController.m in Sources */ = {isa = PBXBuildFile; fileRef = E56E7E562648C7EA00A7B502 /* ViewController.m */; };
		E56E7E602648C80600A7B502 /* NavBarView.m in Sources */ = {isa = PBXBuildFile; fileRef = E56E7E592648C80600A7B502 /* NavBarView.m */; };
		E56E7E612648C80600A7B502 /* LineChartViewController.m in Sources */ = {isa = PBXBuildFile; fileRef = E56E7E5C2648C80600A7B502 /* LineChartViewController.m */; };
		E56E7E622648C80600A7B502 /* UIColor+Extensions.m in Sources */ = {isa = PBXBuildFile; fileRef = E56E7E5E2648C80600A7B502 /* UIColor+Extensions.m */; };
		E56E7E632648C80600A7B502 /* NavBarView.xib in Resources */ = {isa = PBXBuildFile; fileRef = E56E7E5F2648C80600A7B502 /* NavBarView.xib */; };
		E56E7E682648C90B00A7B502 /* LIneToolObj.m in Sources */ = {isa = PBXBuildFile; fileRef = E56E7E662648C90B00A7B502 /* LIneToolObj.m */; };
		E56E7E692648C90B00A7B502 /* HistoryChart.m in Sources */ = {isa = PBXBuildFile; fileRef = E56E7E672648C90B00A7B502 /* HistoryChart.m */; };
/* End PBXBuildFile section */

/* Begin PBXFileReference section */
		E56E7E3A2648C7A900A7B502 /* ColumnCharts.app */ = {isa = PBXFileReference; explicitFileType = wrapper.application; includeInIndex = 0; path = ColumnCharts.app; sourceTree = BUILT_PRODUCTS_DIR; };
		E56E7E3D2648C7A900A7B502 /* AppDelegate.h */ = {isa = PBXFileReference; lastKnownFileType = sourcecode.c.h; path = AppDelegate.h; sourceTree = "<group>"; };
		E56E7E3E2648C7A900A7B502 /* AppDelegate.m */ = {isa = PBXFileReference; lastKnownFileType = sourcecode.c.objc; path = AppDelegate.m; sourceTree = "<group>"; };
		E56E7E472648C7A900A7B502 /* Base */ = {isa = PBXFileReference; lastKnownFileType = file.storyboard; name = Base; path = Base.lproj/Main.storyboard; sourceTree = "<group>"; };
		E56E7E492648C7AB00A7B502 /* Assets.xcassets */ = {isa = PBXFileReference; lastKnownFileType = folder.assetcatalog; path = Assets.xcassets; sourceTree = "<group>"; };
		E56E7E4C2648C7AB00A7B502 /* Base */ = {isa = PBXFileReference; lastKnownFileType = file.storyboard; name = Base; path = Base.lproj/LaunchScreen.storyboard; sourceTree = "<group>"; };
		E56E7E4E2648C7AB00A7B502 /* Info.plist */ = {isa = PBXFileReference; lastKnownFileType = text.plist.xml; path = Info.plist; sourceTree = "<group>"; };
		E56E7E4F2648C7AB00A7B502 /* main.m */ = {isa = PBXFileReference; lastKnownFileType = sourcecode.c.objc; path = main.m; sourceTree = "<group>"; };
		E56E7E562648C7EA00A7B502 /* ViewController.m */ = {isa = PBXFileReference; fileEncoding = 4; lastKnownFileType = sourcecode.c.objc; path = ViewController.m; sourceTree = "<group>"; };
		E56E7E572648C7EA00A7B502 /* ViewController.h */ = {isa = PBXFileReference; fileEncoding = 4; lastKnownFileType = sourcecode.c.h; path = ViewController.h; sourceTree = "<group>"; };
		E56E7E592648C80600A7B502 /* NavBarView.m */ = {isa = PBXFileReference; fileEncoding = 4; lastKnownFileType = sourcecode.c.objc; path = NavBarView.m; sourceTree = "<group>"; };
		E56E7E5A2648C80600A7B502 /* UIColor+Extensions.h */ = {isa = PBXFileReference; fileEncoding = 4; lastKnownFileType = sourcecode.c.h; path = "UIColor+Extensions.h"; sourceTree = "<group>"; };
		E56E7E5B2648C80600A7B502 /* LineChartViewController.h */ = {isa = PBXFileReference; fileEncoding = 4; lastKnownFileType = sourcecode.c.h; path = LineChartViewController.h; sourceTree = "<group>"; };
		E56E7E5C2648C80600A7B502 /* LineChartViewController.m */ = {isa = PBXFileReference; fileEncoding = 4; lastKnownFileType = sourcecode.c.objc; path = LineChartViewController.m; sourceTree = "<group>"; };
		E56E7E5D2648C80600A7B502 /* NavBarView.h */ = {isa = PBXFileReference; fileEncoding = 4; lastKnownFileType = sourcecode.c.h; path = NavBarView.h; sourceTree = "<group>"; };
		E56E7E5E2648C80600A7B502 /* UIColor+Extensions.m */ = {isa = PBXFileReference; fileEncoding = 4; lastKnownFileType = sourcecode.c.objc; path = "UIColor+Extensions.m"; sourceTree = "<group>"; };
		E56E7E5F2648C80600A7B502 /* NavBarView.xib */ = {isa = PBXFileReference; fileEncoding = 4; lastKnownFileType = file.xib; path = NavBarView.xib; sourceTree = "<group>"; };
		E56E7E642648C90A00A7B502 /* LIneToolObj.h */ = {isa = PBXFileReference; fileEncoding = 4; lastKnownFileType = sourcecode.c.h; path = LIneToolObj.h; sourceTree = "<group>"; };
		E56E7E652648C90B00A7B502 /* HistoryChart.h */ = {isa = PBXFileReference; fileEncoding = 4; lastKnownFileType = sourcecode.c.h; path = HistoryChart.h; sourceTree = "<group>"; };
		E56E7E662648C90B00A7B502 /* LIneToolObj.m */ = {isa = PBXFileReference; fileEncoding = 4; lastKnownFileType = sourcecode.c.objc; path = LIneToolObj.m; sourceTree = "<group>"; };
		E56E7E672648C90B00A7B502 /* HistoryChart.m */ = {isa = PBXFileReference; fileEncoding = 4; lastKnownFileType = sourcecode.c.objc; path = HistoryChart.m; sourceTree = "<group>"; };
/* End PBXFileReference section */

/* Begin PBXFrameworksBuildPhase section */
		E56E7E372648C7A900A7B502 /* Frameworks */ = {
			isa = PBXFrameworksBuildPhase;
			buildActionMask = 2147483647;
			files = (
			);
			runOnlyForDeploymentPostprocessing = 0;
		};
/* End PBXFrameworksBuildPhase section */

/* Begin PBXGroup section */
		E56E7E312648C7A900A7B502 = {
			isa = PBXGroup;
			children = (
				E56E7E3C2648C7A900A7B502 /* ColumnCharts */,
				E56E7E3B2648C7A900A7B502 /* Products */,
			);
			sourceTree = "<group>";
		};
		E56E7E3B2648C7A900A7B502 /* Products */ = {
			isa = PBXGroup;
			children = (
				E56E7E3A2648C7A900A7B502 /* ColumnCharts.app */,
			);
			name = Products;
			sourceTree = "<group>";
		};
		E56E7E3C2648C7A900A7B502 /* ColumnCharts */ = {
			isa = PBXGroup;
			children = (
				E56E7E3D2648C7A900A7B502 /* AppDelegate.h */,
				E56E7E3E2648C7A900A7B502 /* AppDelegate.m */,
				E56E7E572648C7EA00A7B502 /* ViewController.h */,
				E56E7E562648C7EA00A7B502 /* ViewController.m */,
				E56E7E5B2648C80600A7B502 /* LineChartViewController.h */,
				E56E7E5C2648C80600A7B502 /* LineChartViewController.m */,
				E56E7E652648C90B00A7B502 /* HistoryChart.h */,
				E56E7E672648C90B00A7B502 /* HistoryChart.m */,
				E56E7E642648C90A00A7B502 /* LIneToolObj.h */,
				E56E7E662648C90B00A7B502 /* LIneToolObj.m */,
				E56E7E5D2648C80600A7B502 /* NavBarView.h */,
				E56E7E592648C80600A7B502 /* NavBarView.m */,
				E56E7E5F2648C80600A7B502 /* NavBarView.xib */,
				E56E7E5A2648C80600A7B502 /* UIColor+Extensions.h */,
				E56E7E5E2648C80600A7B502 /* UIColor+Extensions.m */,
				E56E7E462648C7A900A7B502 /* Main.storyboard */,
				E56E7E492648C7AB00A7B502 /* Assets.xcassets */,
				E56E7E4B2648C7AB00A7B502 /* LaunchScreen.storyboard */,
				E56E7E4E2648C7AB00A7B502 /* Info.plist */,
				E56E7E4F2648C7AB00A7B502 /* main.m */,
			);
			path = ColumnCharts;
			sourceTree = "<group>";
		};
/* End PBXGroup section */

/* Begin PBXNativeTarget section */
		E56E7E392648C7A900A7B502 /* ColumnCharts */ = {
			isa = PBXNativeTarget;
			buildConfigurationList = E56E7E532648C7AB00A7B502 /* Build configuration list for PBXNativeTarget "ColumnCharts" */;
			buildPhases = (
				E56E7E362648C7A900A7B502 /* Sources */,
				E56E7E372648C7A900A7B502 /* Frameworks */,
				E56E7E382648C7A900A7B502 /* Resources */,
			);
			buildRules = (
			);
			dependencies = (
			);
			name = ColumnCharts;
			productName = ColumnCharts;
			productReference = E56E7E3A2648C7A900A7B502 /* ColumnCharts.app */;
			productType = "com.apple.product-type.application";
		};
/* End PBXNativeTarget section */

/* Begin PBXProject section */
		E56E7E322648C7A900A7B502 /* Project object */ = {
			isa = PBXProject;
			attributes = {
				LastUpgradeCheck = 1250;
				TargetAttributes = {
					E56E7E392648C7A900A7B502 = {
						CreatedOnToolsVersion = 12.5;
					};
				};
			};
			buildConfigurationList = E56E7E352648C7A900A7B502 /* Build configuration list for PBXProject "ColumnCharts" */;
			compatibilityVersion = "Xcode 9.3";
			developmentRegion = en;
			hasScannedForEncodings = 0;
			knownRegions = (
				en,
				Base,
			);
			mainGroup = E56E7E312648C7A900A7B502;
			productRefGroup = E56E7E3B2648C7A900A7B502 /* Products */;
			projectDirPath = "";
			projectRoot = "";
			targets = (
				E56E7E392648C7A900A7B502 /* ColumnCharts */,
			);
		};
/* End PBXProject section */

/* Begin PBXResourcesBuildPhase section */
		E56E7E382648C7A900A7B502 /* Resources */ = {
			isa = PBXResourcesBuildPhase;
			buildActionMask = 2147483647;
			files = (
				E56E7E632648C80600A7B502 /* NavBarView.xib in Resources */,
				E56E7E4D2648C7AB00A7B502 /* LaunchScreen.storyboard in Resources */,
				E56E7E4A2648C7AB00A7B502 /* Assets.xcassets in Resources */,
				E56E7E482648C7A900A7B502 /* Main.storyboard in Resources */,
			);
			runOnlyForDeploymentPostprocessing = 0;
		};
/* End PBXResourcesBuildPhase section */

/* Begin PBXSourcesBuildPhase section */
		E56E7E362648C7A900A7B502 /* Sources */ = {
			isa = PBXSourcesBuildPhase;
			buildActionMask = 2147483647;
			files = (
				E56E7E602648C80600A7B502 /* NavBarView.m in Sources */,
				E56E7E582648C7EA00A7B502 /* ViewController.m in Sources */,
				E56E7E682648C90B00A7B502 /* LIneToolObj.m in Sources */,
				E56E7E612648C80600A7B502 /* LineChartViewController.m in Sources */,
				E56E7E3F2648C7A900A7B502 /* AppDelegate.m in Sources */,
				E56E7E692648C90B00A7B502 /* HistoryChart.m in Sources */,
				E56E7E502648C7AB00A7B502 /* main.m in Sources */,
				E56E7E622648C80600A7B502 /* UIColor+Extensions.m in Sources */,
			);
			runOnlyForDeploymentPostprocessing = 0;
		};
/* End PBXSourcesBuildPhase section */

/* Begin PBXVariantGroup section */
		E56E7E462648C7A900A7B502 /* Main.storyboard */ = {
			isa = PBXVariantGroup;
			children = (
				E56E7E472648C7A900A7B502 /* Base */,
			);
			name = Main.storyboard;
			sourceTree = "<group>";
		};
		E56E7E4B2648C7AB00A7B502 /* LaunchScreen.storyboard */ = {
			isa = PBXVariantGroup;
			children = (
				E56E7E4C2648C7AB00A7B502 /* Base */,
			);
			name = LaunchScreen.storyboard;
			sourceTree = "<group>";
		};
/* End PBXVariantGroup section */

/* Begin XCBuildConfiguration section */
		E56E7E512648C7AB00A7B502 /* Debug */ = {
			isa = XCBuildConfiguration;
			buildSettings = {
				ALWAYS_SEARCH_USER_PATHS = NO;
				CLANG_ANALYZER_NONNULL = YES;
				CLANG_ANALYZER_NUMBER_OBJECT_CONVERSION = YES_AGGRESSIVE;
				CLANG_CXX_LANGUAGE_STANDARD = "gnu++14";
				CLANG_CXX_LIBRARY = "libc++";
				CLANG_ENABLE_MODULES = YES;
				CLANG_ENABLE_OBJC_ARC = YES;
				CLANG_ENABLE_OBJC_WEAK = YES;
				CLANG_WARN_BLOCK_CAPTURE_AUTORELEASING = YES;
				CLANG_WARN_BOOL_CONVERSION = YES;
				CLANG_WARN_COMMA = YES;
				CLANG_WARN_CONSTANT_CONVERSION = YES;
				CLANG_WARN_DEPRECATED_OBJC_IMPLEMENTATIONS = YES;
				CLANG_WARN_DIRECT_OBJC_ISA_USAGE = YES_ERROR;
				CLANG_WARN_DOCUMENTATION_COMMENTS = YES;
				CLANG_WARN_EMPTY_BODY = YES;
				CLANG_WARN_ENUM_CONVERSION = YES;
				CLANG_WARN_INFINITE_RECURSION = YES;
				CLANG_WARN_INT_CONVERSION = YES;
				CLANG_WARN_NON_LITERAL_NULL_CONVERSION = YES;
				CLANG_WARN_OBJC_IMPLICIT_RETAIN_SELF = YES;
				CLANG_WARN_OBJC_LITERAL_CONVERSION = YES;
				CLANG_WARN_OBJC_ROOT_CLASS = YES_ERROR;
				CLANG_WARN_QUOTED_INCLUDE_IN_FRAMEWORK_HEADER = YES;
				CLANG_WARN_RANGE_LOOP_ANALYSIS = YES;
				CLANG_WARN_STRICT_PROTOTYPES = YES;
				CLANG_WARN_SUSPICIOUS_MOVE = YES;
				CLANG_WARN_UNGUARDED_AVAILABILITY = YES_AGGRESSIVE;
				CLANG_WARN_UNREACHABLE_CODE = YES;
				CLANG_WARN__DUPLICATE_METHOD_MATCH = YES;
				COPY_PHASE_STRIP = NO;
				DEBUG_INFORMATION_FORMAT = dwarf;
				ENABLE_STRICT_OBJC_MSGSEND = YES;
				ENABLE_TESTABILITY = YES;
				GCC_C_LANGUAGE_STANDARD = gnu11;
				GCC_DYNAMIC_NO_PIC = NO;
				GCC_NO_COMMON_BLOCKS = YES;
				GCC_OPTIMIZATION_LEVEL = 0;
				GCC_PREPROCESSOR_DEFINITIONS = (
					"DEBUG=1",
					"$(inherited)",
				);
				GCC_WARN_64_TO_32_BIT_CONVERSION = YES;
				GCC_WARN_ABOUT_RETURN_TYPE = YES_ERROR;
				GCC_WARN_UNDECLARED_SELECTOR = YES;
				GCC_WARN_UNINITIALIZED_AUTOS = YES_AGGRESSIVE;
				GCC_WARN_UNUSED_FUNCTION = YES;
				GCC_WARN_UNUSED_VARIABLE = YES;
				IPHONEOS_DEPLOYMENT_TARGET = 14.5;
				MTL_ENABLE_DEBUG_INFO = INCLUDE_SOURCE;
				MTL_FAST_MATH = YES;
				ONLY_ACTIVE_ARCH = YES;
				SDKROOT = iphoneos;
			};
			name = Debug;
		};
		E56E7E522648C7AB00A7B502 /* Release */ = {
			isa = XCBuildConfiguration;
			buildSettings = {
				ALWAYS_SEARCH_USER_PATHS = NO;
				CLANG_ANALYZER_NONNULL = YES;
				CLANG_ANALYZER_NUMBER_OBJECT_CONVERSION = YES_AGGRESSIVE;
				CLANG_CXX_LANGUAGE_STANDARD = "gnu++14";
				CLANG_CXX_LIBRARY = "libc++";
				CLANG_ENABLE_MODULES = YES;
				CLANG_ENABLE_OBJC_ARC = YES;
				CLANG_ENABLE_OBJC_WEAK = YES;
				CLANG_WARN_BLOCK_CAPTURE_AUTORELEASING = YES;
				CLANG_WARN_BOOL_CONVERSION = YES;
				CLANG_WARN_COMMA = YES;
				CLANG_WARN_CONSTANT_CONVERSION = YES;
				CLANG_WARN_DEPRECATED_OBJC_IMPLEMENTATIONS = YES;
				CLANG_WARN_DIRECT_OBJC_ISA_USAGE = YES_ERROR;
				CLANG_WARN_DOCUMENTATION_COMMENTS = YES;
				CLANG_WARN_EMPTY_BODY = YES;
				CLANG_WARN_ENUM_CONVERSION = YES;
				CLANG_WARN_INFINITE_RECURSION = YES;
				CLANG_WARN_INT_CONVERSION = YES;
				CLANG_WARN_NON_LITERAL_NULL_CONVERSION = YES;
				CLANG_WARN_OBJC_IMPLICIT_RETAIN_SELF = YES;
				CLANG_WARN_OBJC_LITERAL_CONVERSION = YES;
				CLANG_WARN_OBJC_ROOT_CLASS = YES_ERROR;
				CLANG_WARN_QUOTED_INCLUDE_IN_FRAMEWORK_HEADER = YES;
				CLANG_WARN_RANGE_LOOP_ANALYSIS = YES;
				CLANG_WARN_STRICT_PROTOTYPES = YES;
				CLANG_WARN_SUSPICIOUS_MOVE = YES;
				CLANG_WARN_UNGUARDED_AVAILABILITY = YES_AGGRESSIVE;
				CLANG_WARN_UNREACHABLE_CODE = YES;
				CLANG_WARN__DUPLICATE_METHOD_MATCH = YES;
				COPY_PHASE_STRIP = NO;
				DEBUG_INFORMATION_FORMAT = "dwarf-with-dsym";
				ENABLE_NS_ASSERTIONS = NO;
				ENABLE_STRICT_OBJC_MSGSEND = YES;
				GCC_C_LANGUAGE_STANDARD = gnu11;
				GCC_NO_COMMON_BLOCKS = YES;
				GCC_WARN_64_TO_32_BIT_CONVERSION = YES;
				GCC_WARN_ABOUT_RETURN_TYPE = YES_ERROR;
				GCC_WARN_UNDECLARED_SELECTOR = YES;
				GCC_WARN_UNINITIALIZED_AUTOS = YES_AGGRESSIVE;
				GCC_WARN_UNUSED_FUNCTION = YES;
				GCC_WARN_UNUSED_VARIABLE = YES;
				IPHONEOS_DEPLOYMENT_TARGET = 14.5;
				MTL_ENABLE_DEBUG_INFO = NO;
				MTL_FAST_MATH = YES;
				SDKROOT = iphoneos;
				VALIDATE_PRODUCT = YES;
			};
			name = Release;
		};
		E56E7E542648C7AB00A7B502 /* Debug */ = {
			isa = XCBuildConfiguration;
			buildSettings = {
				ASSETCATALOG_COMPILER_APPICON_NAME = AppIcon;
				ASSETCATALOG_COMPILER_GLOBAL_ACCENT_COLOR_NAME = AccentColor;
				CODE_SIGN_STYLE = Automatic;
				DEVELOPMENT_TEAM = DSWQW3YJVV;
				INFOPLIST_FILE = ColumnCharts/Info.plist;
				IPHONEOS_DEPLOYMENT_TARGET = 12.1;
				LD_RUNPATH_SEARCH_PATHS = (
					"$(inherited)",
					"@executable_path/Frameworks",
				);
				PRODUCT_BUNDLE_IDENTIFIER = com.ec.demo.ColumnCharts;
				PRODUCT_NAME = "$(TARGET_NAME)";
				TARGETED_DEVICE_FAMILY = "1,2";
			};
			name = Debug;
		};
		E56E7E552648C7AB00A7B502 /* Release */ = {
			isa = XCBuildConfiguration;
			buildSettings = {
				ASSETCATALOG_COMPILER_APPICON_NAME = AppIcon;
				ASSETCATALOG_COMPILER_GLOBAL_ACCENT_COLOR_NAME = AccentColor;
				CODE_SIGN_STYLE = Automatic;
				DEVELOPMENT_TEAM = DSWQW3YJVV;
				INFOPLIST_FILE = ColumnCharts/Info.plist;
				IPHONEOS_DEPLOYMENT_TARGET = 12.1;
				LD_RUNPATH_SEARCH_PATHS = (
					"$(inherited)",
					"@executable_path/Frameworks",
				);
				PRODUCT_BUNDLE_IDENTIFIER = com.ec.demo.ColumnCharts;
				PRODUCT_NAME = "$(TARGET_NAME)";
				TARGETED_DEVICE_FAMILY = "1,2";
			};
			name = Release;
		};
/* End XCBuildConfiguration section */

/* Begin XCConfigurationList section */
		E56E7E352648C7A900A7B502 /* Build configuration list for PBXProject "ColumnCharts" */ = {
			isa = XCConfigurationList;
			buildConfigurations = (
				E56E7E512648C7AB00A7B502 /* Debug */,
				E56E7E522648C7AB00A7B502 /* Release */,
			);
			defaultConfigurationIsVisible = 0;
			defaultConfigurationName = Release;
		};
		E56E7E532648C7AB00A7B502 /* Build configuration list for PBXNativeTarget "ColumnCharts" */ = {
			isa = XCConfigurationList;
			buildConfigurations = (
				E56E7E542648C7AB00A7B502 /* Debug */,
				E56E7E552648C7AB00A7B502 /* Release */,
			);
			defaultConfigurationIsVisible = 0;
			defaultConfigurationName = Release;
		};
/* End XCConfigurationList section */
	};
	rootObject = E56E7E322648C7A900A7B502 /* Project object */;
}
